// !$*UTF8*$!
{
	archiveVersion = 1;
	classes = {
	};
	objectVersion = 46;
	objects = {

/* Begin PBXBuildFile section */
		37EA3AB21D85531600186C4B /* AppDelegate.swift in Sources */ = {isa = PBXBuildFile; fileRef = 37EA3AB11D85531600186C4B /* AppDelegate.swift */; };
		37EA3AB41D85531600186C4B /* THSaveImageViewController.swift in Sources */ = {isa = PBXBuildFile; fileRef = 37EA3AB31D85531600186C4B /* THSaveImageViewController.swift */; };
		37EA3AB71D85531700186C4B /* Main.storyboard in Resources */ = {isa = PBXBuildFile; fileRef = 37EA3AB51D85531700186C4B /* Main.storyboard */; };
		37EA3AB91D85531700186C4B /* Assets.xcassets in Resources */ = {isa = PBXBuildFile; fileRef = 37EA3AB81D85531700186C4B /* Assets.xcassets */; };
		37EA3ABC1D85531700186C4B /* LaunchScreen.storyboard in Resources */ = {isa = PBXBuildFile; fileRef = 37EA3ABA1D85531700186C4B /* LaunchScreen.storyboard */; };
		37EA3AC71D85531700186C4B /* ImageSearchKeyboardTests.swift in Sources */ = {isa = PBXBuildFile; fileRef = 37EA3AC61D85531700186C4B /* ImageSearchKeyboardTests.swift */; };
		37EA3AD21D85531700186C4B /* ImageSearchKeyboardUITests.swift in Sources */ = {isa = PBXBuildFile; fileRef = 37EA3AD11D85531700186C4B /* ImageSearchKeyboardUITests.swift */; };
		37EA3AE61D85543700186C4B /* KeyboardViewController.swift in Sources */ = {isa = PBXBuildFile; fileRef = 37EA3AE51D85543700186C4B /* KeyboardViewController.swift */; };
		37EA3AEA1D85543700186C4B /* CustomKeyboard.appex in Embed App Extensions */ = {isa = PBXBuildFile; fileRef = 37EA3AE31D85543700186C4B /* CustomKeyboard.appex */; settings = {ATTRIBUTES = (RemoveHeadersOnCopy, ); }; };
		81E07C6AD56240CD95B2C063 /* Pods_ImageSearchKeyboard.framework in Frameworks */ = {isa = PBXBuildFile; fileRef = 7F054075031CE0164322C773 /* Pods_ImageSearchKeyboard.framework */; };
/* End PBXBuildFile section */

/* Begin PBXContainerItemProxy section */
		37EA3AC31D85531700186C4B /* PBXContainerItemProxy */ = {
			isa = PBXContainerItemProxy;
			containerPortal = 37EA3AA61D85531600186C4B /* Project object */;
			proxyType = 1;
			remoteGlobalIDString = 37EA3AAD1D85531600186C4B;
			remoteInfo = ImageSearchKeyboard;
		};
		37EA3ACE1D85531700186C4B /* PBXContainerItemProxy */ = {
			isa = PBXContainerItemProxy;
			containerPortal = 37EA3AA61D85531600186C4B /* Project object */;
			proxyType = 1;
			remoteGlobalIDString = 37EA3AAD1D85531600186C4B;
			remoteInfo = ImageSearchKeyboard;
		};
		37EA3AE81D85543700186C4B /* PBXContainerItemProxy */ = {
			isa = PBXContainerItemProxy;
			containerPortal = 37EA3AA61D85531600186C4B /* Project object */;
			proxyType = 1;
			remoteGlobalIDString = 37EA3AE21D85543700186C4B;
			remoteInfo = CustomKeyboard;
		};
/* End PBXContainerItemProxy section */

/* Begin PBXCopyFilesBuildPhase section */
		37EA3AEE1D85543700186C4B /* Embed App Extensions */ = {
			isa = PBXCopyFilesBuildPhase;
			buildActionMask = 2147483647;
			dstPath = "";
			dstSubfolderSpec = 13;
			files = (
				37EA3AEA1D85543700186C4B /* CustomKeyboard.appex in Embed App Extensions */,
			);
			name = "Embed App Extensions";
			runOnlyForDeploymentPostprocessing = 0;
		};
/* End PBXCopyFilesBuildPhase section */

/* Begin PBXFileReference section */
		3723B0401D857AFE004365CD /* ImageSearchKeyboard.entitlements */ = {isa = PBXFileReference; lastKnownFileType = text.plist.entitlements; path = ImageSearchKeyboard.entitlements; sourceTree = "<group>"; };
		3723B0411D857B0B004365CD /* CustomKeyboard.entitlements */ = {isa = PBXFileReference; lastKnownFileType = text.plist.entitlements; path = CustomKeyboard.entitlements; sourceTree = "<group>"; };
		37EA3AAE1D85531600186C4B /* ImageSearchKeyboard.app */ = {isa = PBXFileReference; explicitFileType = wrapper.application; includeInIndex = 0; path = ImageSearchKeyboard.app; sourceTree = BUILT_PRODUCTS_DIR; };
		37EA3AB11D85531600186C4B /* AppDelegate.swift */ = {isa = PBXFileReference; lastKnownFileType = sourcecode.swift; path = AppDelegate.swift; sourceTree = "<group>"; };
		37EA3AB31D85531600186C4B /* THSaveImageViewController.swift */ = {isa = PBXFileReference; lastKnownFileType = sourcecode.swift; path = THSaveImageViewController.swift; sourceTree = "<group>"; };
		37EA3AB61D85531700186C4B /* Base */ = {isa = PBXFileReference; lastKnownFileType = file.storyboard; name = Base; path = Base.lproj/Main.storyboard; sourceTree = "<group>"; };
		37EA3AB81D85531700186C4B /* Assets.xcassets */ = {isa = PBXFileReference; lastKnownFileType = folder.assetcatalog; path = Assets.xcassets; sourceTree = "<group>"; };
		37EA3ABB1D85531700186C4B /* Base */ = {isa = PBXFileReference; lastKnownFileType = file.storyboard; name = Base; path = Base.lproj/LaunchScreen.storyboard; sourceTree = "<group>"; };
		37EA3ABD1D85531700186C4B /* Info.plist */ = {isa = PBXFileReference; lastKnownFileType = text.plist.xml; path = Info.plist; sourceTree = "<group>"; };
		37EA3AC21D85531700186C4B /* ImageSearchKeyboardTests.xctest */ = {isa = PBXFileReference; explicitFileType = wrapper.cfbundle; includeInIndex = 0; path = ImageSearchKeyboardTests.xctest; sourceTree = BUILT_PRODUCTS_DIR; };
		37EA3AC61D85531700186C4B /* ImageSearchKeyboardTests.swift */ = {isa = PBXFileReference; lastKnownFileType = sourcecode.swift; path = ImageSearchKeyboardTests.swift; sourceTree = "<group>"; };
		37EA3AC81D85531700186C4B /* Info.plist */ = {isa = PBXFileReference; lastKnownFileType = text.plist.xml; path = Info.plist; sourceTree = "<group>"; };
		37EA3ACD1D85531700186C4B /* ImageSearchKeyboardUITests.xctest */ = {isa = PBXFileReference; explicitFileType = wrapper.cfbundle; includeInIndex = 0; path = ImageSearchKeyboardUITests.xctest; sourceTree = BUILT_PRODUCTS_DIR; };
		37EA3AD11D85531700186C4B /* ImageSearchKeyboardUITests.swift */ = {isa = PBXFileReference; lastKnownFileType = sourcecode.swift; path = ImageSearchKeyboardUITests.swift; sourceTree = "<group>"; };
		37EA3AD31D85531700186C4B /* Info.plist */ = {isa = PBXFileReference; lastKnownFileType = text.plist.xml; path = Info.plist; sourceTree = "<group>"; };
		37EA3AE31D85543700186C4B /* CustomKeyboard.appex */ = {isa = PBXFileReference; explicitFileType = "wrapper.app-extension"; includeInIndex = 0; path = CustomKeyboard.appex; sourceTree = BUILT_PRODUCTS_DIR; };
		37EA3AE51D85543700186C4B /* KeyboardViewController.swift */ = {isa = PBXFileReference; lastKnownFileType = sourcecode.swift; path = KeyboardViewController.swift; sourceTree = "<group>"; };
		37EA3AE71D85543700186C4B /* Info.plist */ = {isa = PBXFileReference; lastKnownFileType = text.plist.xml; path = Info.plist; sourceTree = "<group>"; };
		593E87FEE623FA4941389905 /* Pods-ImageSearchKeyboard.release.xcconfig */ = {isa = PBXFileReference; includeInIndex = 1; lastKnownFileType = text.xcconfig; name = "Pods-ImageSearchKeyboard.release.xcconfig"; path = "Pods/Target Support Files/Pods-ImageSearchKeyboard/Pods-ImageSearchKeyboard.release.xcconfig"; sourceTree = "<group>"; };
		7F054075031CE0164322C773 /* Pods_ImageSearchKeyboard.framework */ = {isa = PBXFileReference; explicitFileType = wrapper.framework; includeInIndex = 0; path = Pods_ImageSearchKeyboard.framework; sourceTree = BUILT_PRODUCTS_DIR; };
		BFA7AF6C15691075A3A4E518 /* Pods-ImageSearchKeyboard.debug.xcconfig */ = {isa = PBXFileReference; includeInIndex = 1; lastKnownFileType = text.xcconfig; name = "Pods-ImageSearchKeyboard.debug.xcconfig"; path = "Pods/Target Support Files/Pods-ImageSearchKeyboard/Pods-ImageSearchKeyboard.debug.xcconfig"; sourceTree = "<group>"; };
/* End PBXFileReference section */

/* Begin PBXFrameworksBuildPhase section */
		37EA3AAB1D85531600186C4B /* Frameworks */ = {
			isa = PBXFrameworksBuildPhase;
			buildActionMask = 2147483647;
			files = (
				81E07C6AD56240CD95B2C063 /* Pods_ImageSearchKeyboard.framework in Frameworks */,
			);
			runOnlyForDeploymentPostprocessing = 0;
		};
		37EA3ABF1D85531700186C4B /* Frameworks */ = {
			isa = PBXFrameworksBuildPhase;
			buildActionMask = 2147483647;
			files = (
			);
			runOnlyForDeploymentPostprocessing = 0;
		};
		37EA3ACA1D85531700186C4B /* Frameworks */ = {
			isa = PBXFrameworksBuildPhase;
			buildActionMask = 2147483647;
			files = (
			);
			runOnlyForDeploymentPostprocessing = 0;
		};
		37EA3AE01D85543700186C4B /* Frameworks */ = {
			isa = PBXFrameworksBuildPhase;
			buildActionMask = 2147483647;
			files = (
			);
			runOnlyForDeploymentPostprocessing = 0;
		};
/* End PBXFrameworksBuildPhase section */

/* Begin PBXGroup section */
		37EA3AA51D85531600186C4B = {
			isa = PBXGroup;
			children = (
				37EA3AB01D85531600186C4B /* ImageSearchKeyboard */,
				37EA3AC51D85531700186C4B /* ImageSearchKeyboardTests */,
				37EA3AD01D85531700186C4B /* ImageSearchKeyboardUITests */,
				37EA3AE41D85543700186C4B /* CustomKeyboard */,
				37EA3AAF1D85531600186C4B /* Products */,
				B152655FEF2A0F5B1C878A0B /* Pods */,
				E7AA37B4B5C803C3F206DBF6 /* Frameworks */,
			);
			sourceTree = "<group>";
		};
		37EA3AAF1D85531600186C4B /* Products */ = {
			isa = PBXGroup;
			children = (
				37EA3AAE1D85531600186C4B /* ImageSearchKeyboard.app */,
				37EA3AC21D85531700186C4B /* ImageSearchKeyboardTests.xctest */,
				37EA3ACD1D85531700186C4B /* ImageSearchKeyboardUITests.xctest */,
				37EA3AE31D85543700186C4B /* CustomKeyboard.appex */,
			);
			name = Products;
			sourceTree = "<group>";
		};
		37EA3AB01D85531600186C4B /* ImageSearchKeyboard */ = {
			isa = PBXGroup;
			children = (
				3723B0401D857AFE004365CD /* ImageSearchKeyboard.entitlements */,
				37EA3AB11D85531600186C4B /* AppDelegate.swift */,
				37EA3AB31D85531600186C4B /* THSaveImageViewController.swift */,
				37EA3AB51D85531700186C4B /* Main.storyboard */,
				37EA3AB81D85531700186C4B /* Assets.xcassets */,
				37EA3ABA1D85531700186C4B /* LaunchScreen.storyboard */,
				37EA3ABD1D85531700186C4B /* Info.plist */,
			);
			path = ImageSearchKeyboard;
			sourceTree = "<group>";
		};
		37EA3AC51D85531700186C4B /* ImageSearchKeyboardTests */ = {
			isa = PBXGroup;
			children = (
				37EA3AC61D85531700186C4B /* ImageSearchKeyboardTests.swift */,
				37EA3AC81D85531700186C4B /* Info.plist */,
			);
			path = ImageSearchKeyboardTests;
			sourceTree = "<group>";
		};
		37EA3AD01D85531700186C4B /* ImageSearchKeyboardUITests */ = {
			isa = PBXGroup;
			children = (
				37EA3AD11D85531700186C4B /* ImageSearchKeyboardUITests.swift */,
				37EA3AD31D85531700186C4B /* Info.plist */,
			);
			path = ImageSearchKeyboardUITests;
			sourceTree = "<group>";
		};
		37EA3AE41D85543700186C4B /* CustomKeyboard */ = {
			isa = PBXGroup;
			children = (
				3723B0411D857B0B004365CD /* CustomKeyboard.entitlements */,
				37EA3AE51D85543700186C4B /* KeyboardViewController.swift */,
				37EA3AE71D85543700186C4B /* Info.plist */,
			);
			path = CustomKeyboard;
			sourceTree = "<group>";
		};
		B152655FEF2A0F5B1C878A0B /* Pods */ = {
			isa = PBXGroup;
			children = (
				BFA7AF6C15691075A3A4E518 /* Pods-ImageSearchKeyboard.debug.xcconfig */,
				593E87FEE623FA4941389905 /* Pods-ImageSearchKeyboard.release.xcconfig */,
			);
			name = Pods;
			sourceTree = "<group>";
		};
		E7AA37B4B5C803C3F206DBF6 /* Frameworks */ = {
			isa = PBXGroup;
			children = (
				7F054075031CE0164322C773 /* Pods_ImageSearchKeyboard.framework */,
			);
			name = Frameworks;
			sourceTree = "<group>";
		};
/* End PBXGroup section */

/* Begin PBXNativeTarget section */
		37EA3AAD1D85531600186C4B /* ImageSearchKeyboard */ = {
			isa = PBXNativeTarget;
			buildConfigurationList = 37EA3AD61D85531700186C4B /* Build configuration list for PBXNativeTarget "ImageSearchKeyboard" */;
			buildPhases = (
				CC185682B57F6D2E84B4AC68 /* [CP] Check Pods Manifest.lock */,
				37EA3AAA1D85531600186C4B /* Sources */,
				37EA3AAB1D85531600186C4B /* Frameworks */,
				37EA3AAC1D85531600186C4B /* Resources */,
				37EA3AEE1D85543700186C4B /* Embed App Extensions */,
				7C48870766EB6EBFE1E3F9D8 /* [CP] Embed Pods Frameworks */,
				C4EF654A64FB4880C83AF308 /* [CP] Copy Pods Resources */,
			);
			buildRules = (
			);
			dependencies = (
				37EA3AE91D85543700186C4B /* PBXTargetDependency */,
			);
			name = ImageSearchKeyboard;
			productName = ImageSearchKeyboard;
			productReference = 37EA3AAE1D85531600186C4B /* ImageSearchKeyboard.app */;
			productType = "com.apple.product-type.application";
		};
		37EA3AC11D85531700186C4B /* ImageSearchKeyboardTests */ = {
			isa = PBXNativeTarget;
			buildConfigurationList = 37EA3AD91D85531700186C4B /* Build configuration list for PBXNativeTarget "ImageSearchKeyboardTests" */;
			buildPhases = (
				37EA3ABE1D85531700186C4B /* Sources */,
				37EA3ABF1D85531700186C4B /* Frameworks */,
				37EA3AC01D85531700186C4B /* Resources */,
			);
			buildRules = (
			);
			dependencies = (
				37EA3AC41D85531700186C4B /* PBXTargetDependency */,
			);
			name = ImageSearchKeyboardTests;
			productName = ImageSearchKeyboardTests;
			productReference = 37EA3AC21D85531700186C4B /* ImageSearchKeyboardTests.xctest */;
			productType = "com.apple.product-type.bundle.unit-test";
		};
		37EA3ACC1D85531700186C4B /* ImageSearchKeyboardUITests */ = {
			isa = PBXNativeTarget;
			buildConfigurationList = 37EA3ADC1D85531700186C4B /* Build configuration list for PBXNativeTarget "ImageSearchKeyboardUITests" */;
			buildPhases = (
				37EA3AC91D85531700186C4B /* Sources */,
				37EA3ACA1D85531700186C4B /* Frameworks */,
				37EA3ACB1D85531700186C4B /* Resources */,
			);
			buildRules = (
			);
			dependencies = (
				37EA3ACF1D85531700186C4B /* PBXTargetDependency */,
			);
			name = ImageSearchKeyboardUITests;
			productName = ImageSearchKeyboardUITests;
			productReference = 37EA3ACD1D85531700186C4B /* ImageSearchKeyboardUITests.xctest */;
			productType = "com.apple.product-type.bundle.ui-testing";
		};
		37EA3AE21D85543700186C4B /* CustomKeyboard */ = {
			isa = PBXNativeTarget;
			buildConfigurationList = 37EA3AEB1D85543700186C4B /* Build configuration list for PBXNativeTarget "CustomKeyboard" */;
			buildPhases = (
				37EA3ADF1D85543700186C4B /* Sources */,
				37EA3AE01D85543700186C4B /* Frameworks */,
				37EA3AE11D85543700186C4B /* Resources */,
			);
			buildRules = (
			);
			dependencies = (
			);
			name = CustomKeyboard;
			productName = CustomKeyboard;
			productReference = 37EA3AE31D85543700186C4B /* CustomKeyboard.appex */;
			productType = "com.apple.product-type.app-extension";
		};
/* End PBXNativeTarget section */

/* Begin PBXProject section */
		37EA3AA61D85531600186C4B /* Project object */ = {
			isa = PBXProject;
			attributes = {
				LastSwiftUpdateCheck = 0800;
				LastUpgradeCheck = 0800;
				ORGANIZATIONNAME = htomcat;
				TargetAttributes = {
					37EA3AAD1D85531600186C4B = {
						CreatedOnToolsVersion = 8.0;
						DevelopmentTeam = 74ZFNA5G3U;
						ProvisioningStyle = Automatic;
						SystemCapabilities = {
							com.apple.ApplicationGroups.iOS = {
								enabled = 1;
							};
						};
					};
					37EA3AC11D85531700186C4B = {
						CreatedOnToolsVersion = 8.0;
						ProvisioningStyle = Automatic;
						TestTargetID = 37EA3AAD1D85531600186C4B;
					};
					37EA3ACC1D85531700186C4B = {
						CreatedOnToolsVersion = 8.0;
						ProvisioningStyle = Automatic;
						TestTargetID = 37EA3AAD1D85531600186C4B;
					};
					37EA3AE21D85543700186C4B = {
						CreatedOnToolsVersion = 8.0;
						DevelopmentTeam = 74ZFNA5G3U;
						ProvisioningStyle = Automatic;
						SystemCapabilities = {
							com.apple.ApplicationGroups.iOS = {
								enabled = 1;
							};
						};
					};
				};
			};
			buildConfigurationList = 37EA3AA91D85531600186C4B /* Build configuration list for PBXProject "ImageSearchKeyboard" */;
			compatibilityVersion = "Xcode 3.2";
			developmentRegion = English;
			hasScannedForEncodings = 0;
			knownRegions = (
				en,
				Base,
			);
			mainGroup = 37EA3AA51D85531600186C4B;
			productRefGroup = 37EA3AAF1D85531600186C4B /* Products */;
			projectDirPath = "";
			projectRoot = "";
			targets = (
				37EA3AAD1D85531600186C4B /* ImageSearchKeyboard */,
				37EA3AC11D85531700186C4B /* ImageSearchKeyboardTests */,
				37EA3ACC1D85531700186C4B /* ImageSearchKeyboardUITests */,
				37EA3AE21D85543700186C4B /* CustomKeyboard */,
			);
		};
/* End PBXProject section */

/* Begin PBXResourcesBuildPhase section */
		37EA3AAC1D85531600186C4B /* Resources */ = {
			isa = PBXResourcesBuildPhase;
			buildActionMask = 2147483647;
			files = (
				37EA3ABC1D85531700186C4B /* LaunchScreen.storyboard in Resources */,
				37EA3AB91D85531700186C4B /* Assets.xcassets in Resources */,
				37EA3AB71D85531700186C4B /* Main.storyboard in Resources */,
			);
			runOnlyForDeploymentPostprocessing = 0;
		};
		37EA3AC01D85531700186C4B /* Resources */ = {
			isa = PBXResourcesBuildPhase;
			buildActionMask = 2147483647;
			files = (
			);
			runOnlyForDeploymentPostprocessing = 0;
		};
		37EA3ACB1D85531700186C4B /* Resources */ = {
			isa = PBXResourcesBuildPhase;
			buildActionMask = 2147483647;
			files = (
			);
			runOnlyForDeploymentPostprocessing = 0;
		};
		37EA3AE11D85543700186C4B /* Resources */ = {
			isa = PBXResourcesBuildPhase;
			buildActionMask = 2147483647;
			files = (
			);
			runOnlyForDeploymentPostprocessing = 0;
		};
/* End PBXResourcesBuildPhase section */

/* Begin PBXShellScriptBuildPhase section */
		7C48870766EB6EBFE1E3F9D8 /* [CP] Embed Pods Frameworks */ = {
			isa = PBXShellScriptBuildPhase;
			buildActionMask = 2147483647;
			files = (
			);
			inputPaths = (
			);
			name = "[CP] Embed Pods Frameworks";
			outputPaths = (
			);
			runOnlyForDeploymentPostprocessing = 0;
			shellPath = /bin/sh;
			shellScript = "\"${SRCROOT}/Pods/Target Support Files/Pods-ImageSearchKeyboard/Pods-ImageSearchKeyboard-frameworks.sh\"\n";
			showEnvVarsInLog = 0;
		};
		C4EF654A64FB4880C83AF308 /* [CP] Copy Pods Resources */ = {
			isa = PBXShellScriptBuildPhase;
			buildActionMask = 2147483647;
			files = (
			);
			inputPaths = (
			);
			name = "[CP] Copy Pods Resources";
			outputPaths = (
			);
			runOnlyForDeploymentPostprocessing = 0;
			shellPath = /bin/sh;
			shellScript = "\"${SRCROOT}/Pods/Target Support Files/Pods-ImageSearchKeyboard/Pods-ImageSearchKeyboard-resources.sh\"\n";
			showEnvVarsInLog = 0;
		};
		CC185682B57F6D2E84B4AC68 /* [CP] Check Pods Manifest.lock */ = {
			isa = PBXShellScriptBuildPhase;
			buildActionMask = 2147483647;
			files = (
			);
			inputPaths = (
			);
			name = "[CP] Check Pods Manifest.lock";
			outputPaths = (
			);
			runOnlyForDeploymentPostprocessing = 0;
			shellPath = /bin/sh;
			shellScript = "diff \"${PODS_ROOT}/../Podfile.lock\" \"${PODS_ROOT}/Manifest.lock\" > /dev/null\nif [[ $? != 0 ]] ; then\n    cat << EOM\nerror: The sandbox is not in sync with the Podfile.lock. Run 'pod install' or update your CocoaPods installation.\nEOM\n    exit 1\nfi\n";
			showEnvVarsInLog = 0;
		};
/* End PBXShellScriptBuildPhase section */

/* Begin PBXSourcesBuildPhase section */
		37EA3AAA1D85531600186C4B /* Sources */ = {
			isa = PBXSourcesBuildPhase;
			buildActionMask = 2147483647;
			files = (
				37EA3AB41D85531600186C4B /* THSaveImageViewController.swift in Sources */,
				37EA3AB21D85531600186C4B /* AppDelegate.swift in Sources */,
			);
			runOnlyForDeploymentPostprocessing = 0;
		};
		37EA3ABE1D85531700186C4B /* Sources */ = {
			isa = PBXSourcesBuildPhase;
			buildActionMask = 2147483647;
			files = (
				37EA3AC71D85531700186C4B /* ImageSearchKeyboardTests.swift in Sources */,
			);
			runOnlyForDeploymentPostprocessing = 0;
		};
		37EA3AC91D85531700186C4B /* Sources */ = {
			isa = PBXSourcesBuildPhase;
			buildActionMask = 2147483647;
			files = (
				37EA3AD21D85531700186C4B /* ImageSearchKeyboardUITests.swift in Sources */,
			);
			runOnlyForDeploymentPostprocessing = 0;
		};
		37EA3ADF1D85543700186C4B /* Sources */ = {
			isa = PBXSourcesBuildPhase;
			buildActionMask = 2147483647;
			files = (
				37EA3AE61D85543700186C4B /* KeyboardViewController.swift in Sources */,
			);
			runOnlyForDeploymentPostprocessing = 0;
		};
/* End PBXSourcesBuildPhase section */

/* Begin PBXTargetDependency section */
		37EA3AC41D85531700186C4B /* PBXTargetDependency */ = {
			isa = PBXTargetDependency;
			target = 37EA3AAD1D85531600186C4B /* ImageSearchKeyboard */;
			targetProxy = 37EA3AC31D85531700186C4B /* PBXContainerItemProxy */;
		};
		37EA3ACF1D85531700186C4B /* PBXTargetDependency */ = {
			isa = PBXTargetDependency;
			target = 37EA3AAD1D85531600186C4B /* ImageSearchKeyboard */;
			targetProxy = 37EA3ACE1D85531700186C4B /* PBXContainerItemProxy */;
		};
		37EA3AE91D85543700186C4B /* PBXTargetDependency */ = {
			isa = PBXTargetDependency;
			target = 37EA3AE21D85543700186C4B /* CustomKeyboard */;
			targetProxy = 37EA3AE81D85543700186C4B /* PBXContainerItemProxy */;
		};
/* End PBXTargetDependency section */

/* Begin PBXVariantGroup section */
		37EA3AB51D85531700186C4B /* Main.storyboard */ = {
			isa = PBXVariantGroup;
			children = (
				37EA3AB61D85531700186C4B /* Base */,
			);
			name = Main.storyboard;
			sourceTree = "<group>";
		};
		37EA3ABA1D85531700186C4B /* LaunchScreen.storyboard */ = {
			isa = PBXVariantGroup;
			children = (
				37EA3ABB1D85531700186C4B /* Base */,
			);
			name = LaunchScreen.storyboard;
			sourceTree = "<group>";
		};
/* End PBXVariantGroup section */

/* Begin XCBuildConfiguration section */
		37EA3AD41D85531700186C4B /* Debug */ = {
			isa = XCBuildConfiguration;
			buildSettings = {
				ALWAYS_SEARCH_USER_PATHS = NO;
				CLANG_ANALYZER_NONNULL = YES;
				CLANG_CXX_LANGUAGE_STANDARD = "gnu++0x";
				CLANG_CXX_LIBRARY = "libc++";
				CLANG_ENABLE_MODULES = YES;
				CLANG_ENABLE_OBJC_ARC = YES;
				CLANG_WARN_BOOL_CONVERSION = YES;
				CLANG_WARN_CONSTANT_CONVERSION = YES;
				CLANG_WARN_DIRECT_OBJC_ISA_USAGE = YES_ERROR;
				CLANG_WARN_DOCUMENTATION_COMMENTS = YES;
				CLANG_WARN_EMPTY_BODY = YES;
				CLANG_WARN_ENUM_CONVERSION = YES;
				CLANG_WARN_INFINITE_RECURSION = YES;
				CLANG_WARN_INT_CONVERSION = YES;
				CLANG_WARN_OBJC_ROOT_CLASS = YES_ERROR;
				CLANG_WARN_SUSPICIOUS_MOVES = YES;
				CLANG_WARN_UNREACHABLE_CODE = YES;
				CLANG_WARN__DUPLICATE_METHOD_MATCH = YES;
				"CODE_SIGN_IDENTITY[sdk=iphoneos*]" = "iPhone Developer";
				COPY_PHASE_STRIP = NO;
				DEBUG_INFORMATION_FORMAT = dwarf;
				ENABLE_STRICT_OBJC_MSGSEND = YES;
				ENABLE_TESTABILITY = YES;
				GCC_C_LANGUAGE_STANDARD = gnu99;
				GCC_DYNAMIC_NO_PIC = NO;
				GCC_NO_COMMON_BLOCKS = YES;
				GCC_OPTIMIZATION_LEVEL = 0;
				GCC_PREPROCESSOR_DEFINITIONS = (
					"DEBUG=1",
					"$(inherited)",
				);
				GCC_WARN_64_TO_32_BIT_CONVERSION = YES;
				GCC_WARN_ABOUT_RETURN_TYPE = YES_ERROR;
				GCC_WARN_UNDECLARED_SELECTOR = YES;
				GCC_WARN_UNINITIALIZED_AUTOS = YES_AGGRESSIVE;
				GCC_WARN_UNUSED_FUNCTION = YES;
				GCC_WARN_UNUSED_VARIABLE = YES;
				IPHONEOS_DEPLOYMENT_TARGET = 10.0;
				MTL_ENABLE_DEBUG_INFO = YES;
				ONLY_ACTIVE_ARCH = YES;
				SDKROOT = iphoneos;
				SWIFT_ACTIVE_COMPILATION_CONDITIONS = DEBUG;
				SWIFT_OPTIMIZATION_LEVEL = "-Onone";
				TARGETED_DEVICE_FAMILY = "1,2";
			};
			name = Debug;
		};
		37EA3AD51D85531700186C4B /* Release */ = {
			isa = XCBuildConfiguration;
			buildSettings = {
				ALWAYS_SEARCH_USER_PATHS = NO;
				CLANG_ANALYZER_NONNULL = YES;
				CLANG_CXX_LANGUAGE_STANDARD = "gnu++0x";
				CLANG_CXX_LIBRARY = "libc++";
				CLANG_ENABLE_MODULES = YES;
				CLANG_ENABLE_OBJC_ARC = YES;
				CLANG_WARN_BOOL_CONVERSION = YES;
				CLANG_WARN_CONSTANT_CONVERSION = YES;
				CLANG_WARN_DIRECT_OBJC_ISA_USAGE = YES_ERROR;
				CLANG_WARN_DOCUMENTATION_COMMENTS = YES;
				CLANG_WARN_EMPTY_BODY = YES;
				CLANG_WARN_ENUM_CONVERSION = YES;
				CLANG_WARN_INFINITE_RECURSION = YES;
				CLANG_WARN_INT_CONVERSION = YES;
				CLANG_WARN_OBJC_ROOT_CLASS = YES_ERROR;
				CLANG_WARN_SUSPICIOUS_MOVES = YES;
				CLANG_WARN_UNREACHABLE_CODE = YES;
				CLANG_WARN__DUPLICATE_METHOD_MATCH = YES;
				"CODE_SIGN_IDENTITY[sdk=iphoneos*]" = "iPhone Developer";
				COPY_PHASE_STRIP = NO;
				DEBUG_INFORMATION_FORMAT = "dwarf-with-dsym";
				ENABLE_NS_ASSERTIONS = NO;
				ENABLE_STRICT_OBJC_MSGSEND = YES;
				GCC_C_LANGUAGE_STANDARD = gnu99;
				GCC_NO_COMMON_BLOCKS = YES;
				GCC_WARN_64_TO_32_BIT_CONVERSION = YES;
				GCC_WARN_ABOUT_RETURN_TYPE = YES_ERROR;
				GCC_WARN_UNDECLARED_SELECTOR = YES;
				GCC_WARN_UNINITIALIZED_AUTOS = YES_AGGRESSIVE;
				GCC_WARN_UNUSED_FUNCTION = YES;
				GCC_WARN_UNUSED_VARIABLE = YES;
				IPHONEOS_DEPLOYMENT_TARGET = 10.0;
				MTL_ENABLE_DEBUG_INFO = NO;
				SDKROOT = iphoneos;
				SWIFT_OPTIMIZATION_LEVEL = "-Owholemodule";
				TARGETED_DEVICE_FAMILY = "1,2";
				VALIDATE_PRODUCT = YES;
			};
			name = Release;
		};
		37EA3AD71D85531700186C4B /* Debug */ = {
			isa = XCBuildConfiguration;
			baseConfigurationReference = BFA7AF6C15691075A3A4E518 /* Pods-ImageSearchKeyboard.debug.xcconfig */;
			buildSettings = {
				ALWAYS_EMBED_SWIFT_STANDARD_LIBRARIES = YES;
				ASSETCATALOG_COMPILER_APPICON_NAME = AppIcon;
				CODE_SIGN_ENTITLEMENTS = ImageSearchKeyboard/ImageSearchKeyboard.entitlements;
				DEVELOPMENT_TEAM = 74ZFNA5G3U;
				INFOPLIST_FILE = ImageSearchKeyboard/Info.plist;
				IPHONEOS_DEPLOYMENT_TARGET = 9.0;
				LD_RUNPATH_SEARCH_PATHS = "$(inherited) @executable_path/Frameworks";
				PRODUCT_BUNDLE_IDENTIFIER = htomcat.ImageSearchKeyboard;
				PRODUCT_NAME = "$(TARGET_NAME)";
				SWIFT_VERSION = 3.0;
			};
			name = Debug;
		};
		37EA3AD81D85531700186C4B /* Release */ = {
			isa = XCBuildConfiguration;
			baseConfigurationReference = 593E87FEE623FA4941389905 /* Pods-ImageSearchKeyboard.release.xcconfig */;
			buildSettings = {
				ALWAYS_EMBED_SWIFT_STANDARD_LIBRARIES = YES;
				ASSETCATALOG_COMPILER_APPICON_NAME = AppIcon;
				CODE_SIGN_ENTITLEMENTS = ImageSearchKeyboard/ImageSearchKeyboard.entitlements;
				DEVELOPMENT_TEAM = 74ZFNA5G3U;
				INFOPLIST_FILE = ImageSearchKeyboard/Info.plist;
				IPHONEOS_DEPLOYMENT_TARGET = 9.0;
				LD_RUNPATH_SEARCH_PATHS = "$(inherited) @executable_path/Frameworks";
				PRODUCT_BUNDLE_IDENTIFIER = htomcat.ImageSearchKeyboard;
				PRODUCT_NAME = "$(TARGET_NAME)";
				SWIFT_VERSION = 3.0;
			};
			name = Release;
		};
		37EA3ADA1D85531700186C4B /* Debug */ = {
			isa = XCBuildConfiguration;
			buildSettings = {
				ALWAYS_EMBED_SWIFT_STANDARD_LIBRARIES = YES;
				BUNDLE_LOADER = "$(TEST_HOST)";
				INFOPLIST_FILE = ImageSearchKeyboardTests/Info.plist;
				LD_RUNPATH_SEARCH_PATHS = "$(inherited) @executable_path/Frameworks @loader_path/Frameworks";
				PRODUCT_BUNDLE_IDENTIFIER = htomcat.ImageSearchKeyboardTests;
				PRODUCT_NAME = "$(TARGET_NAME)";
				SWIFT_VERSION = 3.0;
				TEST_HOST = "$(BUILT_PRODUCTS_DIR)/ImageSearchKeyboard.app/ImageSearchKeyboard";
			};
			name = Debug;
		};
		37EA3ADB1D85531700186C4B /* Release */ = {
			isa = XCBuildConfiguration;
			buildSettings = {
				ALWAYS_EMBED_SWIFT_STANDARD_LIBRARIES = YES;
				BUNDLE_LOADER = "$(TEST_HOST)";
				INFOPLIST_FILE = ImageSearchKeyboardTests/Info.plist;
				LD_RUNPATH_SEARCH_PATHS = "$(inherited) @executable_path/Frameworks @loader_path/Frameworks";
				PRODUCT_BUNDLE_IDENTIFIER = htomcat.ImageSearchKeyboardTests;
				PRODUCT_NAME = "$(TARGET_NAME)";
				SWIFT_VERSION = 3.0;
				TEST_HOST = "$(BUILT_PRODUCTS_DIR)/ImageSearchKeyboard.app/ImageSearchKeyboard";
			};
			name = Release;
		};
		37EA3ADD1D85531700186C4B /* Debug */ = {
			isa = XCBuildConfiguration;
			buildSettings = {
				ALWAYS_EMBED_SWIFT_STANDARD_LIBRARIES = YES;
				INFOPLIST_FILE = ImageSearchKeyboardUITests/Info.plist;
				LD_RUNPATH_SEARCH_PATHS = "$(inherited) @executable_path/Frameworks @loader_path/Frameworks";
				PRODUCT_BUNDLE_IDENTIFIER = htomcat.ImageSearchKeyboardUITests;
				PRODUCT_NAME = "$(TARGET_NAME)";
				SWIFT_VERSION = 3.0;
				TEST_TARGET_NAME = ImageSearchKeyboard;
			};
			name = Debug;
		};
		37EA3ADE1D85531700186C4B /* Release */ = {
			isa = XCBuildConfiguration;
			buildSettings = {
				ALWAYS_EMBED_SWIFT_STANDARD_LIBRARIES = YES;
				INFOPLIST_FILE = ImageSearchKeyboardUITests/Info.plist;
				LD_RUNPATH_SEARCH_PATHS = "$(inherited) @executable_path/Frameworks @loader_path/Frameworks";
				PRODUCT_BUNDLE_IDENTIFIER = htomcat.ImageSearchKeyboardUITests;
				PRODUCT_NAME = "$(TARGET_NAME)";
				SWIFT_VERSION = 3.0;
				TEST_TARGET_NAME = ImageSearchKeyboard;
			};
			name = Release;
		};
		37EA3AEC1D85543700186C4B /* Debug */ = {
			isa = XCBuildConfiguration;
			buildSettings = {
				CODE_SIGN_ENTITLEMENTS = CustomKeyboard/CustomKeyboard.entitlements;
				DEVELOPMENT_TEAM = 74ZFNA5G3U;
				INFOPLIST_FILE = CustomKeyboard/Info.plist;
				LD_RUNPATH_SEARCH_PATHS = "$(inherited) @executable_path/Frameworks @executable_path/../../Frameworks";
				PRODUCT_BUNDLE_IDENTIFIER = htomcat.ImageSearchKeyboard.CustomKeyboard;
				PRODUCT_NAME = "$(TARGET_NAME)";
				SKIP_INSTALL = YES;
				SWIFT_VERSION = 3.0;
			};
			name = Debug;
		};
		37EA3AED1D85543700186C4B /* Release */ = {
			isa = XCBuildConfiguration;
			buildSettings = {
				CODE_SIGN_ENTITLEMENTS = CustomKeyboard/CustomKeyboard.entitlements;
				DEVELOPMENT_TEAM = 74ZFNA5G3U;
				INFOPLIST_FILE = CustomKeyboard/Info.plist;
				LD_RUNPATH_SEARCH_PATHS = "$(inherited) @executable_path/Frameworks @executable_path/../../Frameworks";
				PRODUCT_BUNDLE_IDENTIFIER = htomcat.ImageSearchKeyboard.CustomKeyboard;
				PRODUCT_NAME = "$(TARGET_NAME)";
				SKIP_INSTALL = YES;
				SWIFT_VERSION = 3.0;
			};
			name = Release;
		};
/* End XCBuildConfiguration section */

/* Begin XCConfigurationList section */
		37EA3AA91D85531600186C4B /* Build configuration list for PBXProject "ImageSearchKeyboard" */ = {
			isa = XCConfigurationList;
			buildConfigurations = (
				37EA3AD41D85531700186C4B /* Debug */,
				37EA3AD51D85531700186C4B /* Release */,
			);
			defaultConfigurationIsVisible = 0;
			defaultConfigurationName = Release;
		};
		37EA3AD61D85531700186C4B /* Build configuration list for PBXNativeTarget "ImageSearchKeyboard" */ = {
			isa = XCConfigurationList;
			buildConfigurations = (
				37EA3AD71D85531700186C4B /* Debug */,
				37EA3AD81D85531700186C4B /* Release */,
			);
			defaultConfigurationIsVisible = 0;
			defaultConfigurationName = Release;
		};
		37EA3AD91D85531700186C4B /* Build configuration list for PBXNativeTarget "ImageSearchKeyboardTests" */ = {
			isa = XCConfigurationList;
			buildConfigurations = (
				37EA3ADA1D85531700186C4B /* Debug */,
				37EA3ADB1D85531700186C4B /* Release */,
			);
			defaultConfigurationIsVisible = 0;
			defaultConfigurationName = Release;
		};
		37EA3ADC1D85531700186C4B /* Build configuration list for PBXNativeTarget "ImageSearchKeyboardUITests" */ = {
			isa = XCConfigurationList;
			buildConfigurations = (
				37EA3ADD1D85531700186C4B /* Debug */,
				37EA3ADE1D85531700186C4B /* Release */,
			);
			defaultConfigurationIsVisible = 0;
			defaultConfigurationName = Release;
		};
		37EA3AEB1D85543700186C4B /* Build configuration list for PBXNativeTarget "CustomKeyboard" */ = {
			isa = XCConfigurationList;
			buildConfigurations = (
				37EA3AEC1D85543700186C4B /* Debug */,
				37EA3AED1D85543700186C4B /* Release */,
			);
			defaultConfigurationIsVisible = 0;
			defaultConfigurationName = Release;
		};
/* End XCConfigurationList section */
	};
	rootObject = 37EA3AA61D85531600186C4B /* Project object */;
}
